
Microsoft Visual Studio Solution File, Format Version 12.00
# Visual Studio Version 16
VisualStudioVersion = 16.0.30907.101
MinimumVisualStudioVersion = 10.0.40219.1
Project("{FAE04EC0-301F-11D3-BF4B-00C04F79EFBC}") = "FlightFinder.Server", "FlightFinder\Server\FlightFinder.Server.csproj", "{14FFE652-48B6-4F35-934D-8724548878EB}"
EndProject
Project("{FAE04EC0-301F-11D3-BF4B-00C04F79EFBC}") = "FlightFinder.Client", "FlightFinder\Client\FlightFinder.Client.csproj", "{9446DBF5-CDD8-438F-9ABD-32907933CFBC}"
EndProject
Project("{FAE04EC0-301F-11D3-BF4B-00C04F79EFBC}") = "FlightFinder.Shared", "FlightFinder\Shared\FlightFinder.Shared.csproj", "{53018BBD-33E2-4CA4-A66C-0E75DD098B5D}"
EndProject
Global
	GlobalSection(SolutionConfigurationPlatforms) = preSolution
		Debug|Any CPU = Debug|Any CPU
		Release|Any CPU = Release|Any CPU
	EndGlobalSection
	GlobalSection(ProjectConfigurationPlatforms) = postSolution
		{14FFE652-48B6-4F35-934D-8724548878EB}.Debug|Any CPU.ActiveCfg = Debug|Any CPU
		{14FFE652-48B6-4F35-934D-8724548878EB}.Debug|Any CPU.Build.0 = Debug|Any CPU
		{14FFE652-48B6-4F35-934D-8724548878EB}.Release|Any CPU.ActiveCfg = Release|Any CPU
		{14FFE652-48B6-4F35-934D-8724548878EB}.Release|Any CPU.Build.0 = Release|Any CPU
		{9446DBF5-CDD8-438F-9ABD-32907933CFBC}.Debug|Any CPU.ActiveCfg = Debug|Any CPU
		{9446DBF5-CDD8-438F-9ABD-32907933CFBC}.Debug|Any CPU.Build.0 = Debug|Any CPU
		{9446DBF5-CDD8-438F-9ABD-32907933CFBC}.Release|Any CPU.ActiveCfg = Release|Any CPU
		{9446DBF5-CDD8-438F-9ABD-32907933CFBC}.Release|Any CPU.Build.0 = Release|Any CPU
		{53018BBD-33E2-4CA4-A66C-0E75DD098B5D}.Debug|Any CPU.ActiveCfg = Debug|Any CPU
		{53018BBD-33E2-4CA4-A66C-0E75DD098B5D}.Debug|Any CPU.Build.0 = Debug|Any CPU
		{53018BBD-33E2-4CA4-A66C-0E75DD098B5D}.Release|Any CPU.ActiveCfg = Release|Any CPU
		{53018BBD-33E2-4CA4-A66C-0E75DD098B5D}.Release|Any CPU.Build.0 = Release|Any CPU
	EndGlobalSection
	GlobalSection(SolutionProperties) = preSolution
		HideSolutionNode = FALSE
	EndGlobalSection
	GlobalSection(ExtensibilityGlobals) = postSolution
		SolutionGuid = {A39F3010-DFC4-4A75-B453-23D5288D2AC3}
	EndGlobalSection
EndGlobal
